
Microsoft Visual Studio Solution File, Format Version 12.00
# Visual Studio 15
VisualStudioVersion = 15.0.28307.960
MinimumVisualStudioVersion = 10.0.40219.1
Project("{FAE04EC0-301F-11D3-BF4B-00C04F79EFBC}") = "PokerHandSorter", "PokerHandSorter\PokerHandSorter.csproj", "{16DB9990-53C8-424F-8636-F7D22FF27773}"
EndProject
Global
	GlobalSection(SolutionConfigurationPlatforms) = preSolution
		Debug|Any CPU = Debug|Any CPU
		Release|Any CPU = Release|Any CPU
	EndGlobalSection
	GlobalSection(ProjectConfigurationPlatforms) = postSolution
		{16DB9990-53C8-424F-8636-F7D22FF27773}.Debug|Any CPU.ActiveCfg = Debug|Any CPU
		{16DB9990-53C8-424F-8636-F7D22FF27773}.Debug|Any CPU.Build.0 = Debug|Any CPU
		{16DB9990-53C8-424F-8636-F7D22FF27773}.Release|Any CPU.ActiveCfg = Release|Any CPU
		{16DB9990-53C8-424F-8636-F7D22FF27773}.Release|Any CPU.Build.0 = Release|Any CPU
	EndGlobalSection
	GlobalSection(SolutionProperties) = preSolution
		HideSolutionNode = FALSE
	EndGlobalSection
	GlobalSection(ExtensibilityGlobals) = postSolution
		SolutionGuid = {12133706-9B61-4026-B42B-F55FA36DCED9}
	EndGlobalSection
EndGlobal
